
Microsoft Visual Studio Solution File, Format Version 12.00
# Visual Studio Version 17
VisualStudioVersion = 17.8.34330.188
MinimumVisualStudioVersion = 10.0.40219.1
Project("{FAE04EC0-301F-11D3-BF4B-00C04F79EFBC}") = "RainbowSchoolVmAzure", "RainbowSchoolVmAzure\RainbowSchoolVmAzure.csproj", "{91BD7E64-0754-4600-B78D-DE55A0557ECE}"
EndProject
Global
	GlobalSection(SolutionConfigurationPlatforms) = preSolution
		Debug|Any CPU = Debug|Any CPU
		Release|Any CPU = Release|Any CPU
	EndGlobalSection
	GlobalSection(ProjectConfigurationPlatforms) = postSolution
		{91BD7E64-0754-4600-B78D-DE55A0557ECE}.Debug|Any CPU.ActiveCfg = Debug|Any CPU
		{91BD7E64-0754-4600-B78D-DE55A0557ECE}.Debug|Any CPU.Build.0 = Debug|Any CPU
		{91BD7E64-0754-4600-B78D-DE55A0557ECE}.Release|Any CPU.ActiveCfg = Release|Any CPU
		{91BD7E64-0754-4600-B78D-DE55A0557ECE}.Release|Any CPU.Build.0 = Release|Any CPU
	EndGlobalSection
	GlobalSection(SolutionProperties) = preSolution
		HideSolutionNode = FALSE
	EndGlobalSection
	GlobalSection(ExtensibilityGlobals) = postSolution
		SolutionGuid = {3E0E7F53-C100-4158-91E4-39EF2069C624}
	EndGlobalSection
EndGlobal
